// !$*UTF8*$!
{
	archiveVersion = 1;
	classes = {
	};
	objectVersion = 54;
	objects = {

/* Begin PBXBuildFile section */
		00E356F31AD99517003FC87E /* checkdinappTests.m in Sources */ = {isa = PBXBuildFile; fileRef = 00E356F21AD99517003FC87E /* checkdinappTests.m */; };
		0468591F2AC0E389005A496A /* File.swift in Sources */ = {isa = PBXBuildFile; fileRef = 0468591E2AC0E389005A496A /* File.swift */; };
		07D0100874D24798918D34EC /* drawerbg.png in Resources */ = {isa = PBXBuildFile; fileRef = 5D90FBFF544745D1A3D8AE01 /* drawerbg.png */; };
		0869338E6C3F4D97B3A52860 /* instagram.png in Resources */ = {isa = PBXBuildFile; fileRef = 0C8CD5DA0B64475CAD9E064F /* instagram.png */; };
		0EECB863DB754368B4CCE410 /* whatsapp.png in Resources */ = {isa = PBXBuildFile; fileRef = 69E3DFD26EB34B0D94350486 /* whatsapp.png */; };
		102D4D11877B4419929C4976 /* message.png in Resources */ = {isa = PBXBuildFile; fileRef = 7B41AB69BD734D43B687CC37 /* message.png */; };
		13B07FBC1A68108700A75B9A /* AppDelegate.mm in Sources */ = {isa = PBXBuildFile; fileRef = 13B07FB01A68108700A75B9A /* AppDelegate.mm */; };
		13B07FBF1A68108700A75B9A /* Images.xcassets in Resources */ = {isa = PBXBuildFile; fileRef = 13B07FB51A68108700A75B9A /* Images.xcassets */; };
		13B07FC11A68108700A75B9A /* main.m in Sources */ = {isa = PBXBuildFile; fileRef = 13B07FB71A68108700A75B9A /* main.m */; };
		19715267CA664CC3B56F8ADF /* arrowleft.png in Resources */ = {isa = PBXBuildFile; fileRef = 424482D2B6B24700AB1B486B /* arrowleft.png */; };
		1F6DCA5A756947AEB8BF86D0 /* tickB.png in Resources */ = {isa = PBXBuildFile; fileRef = FAC39B22EED34B598CFE4E8F /* tickB.png */; };
		285E890FB6FF46A7AD6A61BB /* check.png in Resources */ = {isa = PBXBuildFile; fileRef = 0F14523AE4DF4ABB80CDBBA0 /* check.png */; };
		2E485407CF9F4A298C904522 /* map.png in Resources */ = {isa = PBXBuildFile; fileRef = DA5F3C27E819439A853A090C /* map.png */; };
		32CBFDB996FA452787ABC138 /* back.png in Resources */ = {isa = PBXBuildFile; fileRef = C3E7245B34CF4B0BB2B158CA /* back.png */; };
		36B7E03D0FD44970AE36AE8F /* social-facebook.png in Resources */ = {isa = PBXBuildFile; fileRef = 01BDE9300A564B1EB645575A /* social-facebook.png */; };
		484C481C30824E1F9068A1EB /* search.png in Resources */ = {isa = PBXBuildFile; fileRef = C19C4136AD8F4439A1C33E1C /* search.png */; };
		521239052D83545100E6699C /* GoogleService-Info.plist in Resources */ = {isa = PBXBuildFile; fileRef = 521239042D83545100E6699C /* GoogleService-Info.plist */; };
		521239062D83545100E6699C /* GoogleService-Info.plist in Resources */ = {isa = PBXBuildFile; fileRef = 521239042D83545100E6699C /* GoogleService-Info.plist */; };
		521239142D8356C000E6699C /* PrivacyInfo.xcprivacy in Resources */ = {isa = PBXBuildFile; fileRef = 521239132D8356C000E6699C /* PrivacyInfo.xcprivacy */; };
		533325ED0FD6489DBC5C01D6 /* lightT.png in Resources */ = {isa = PBXBuildFile; fileRef = 0181901E25BA4DB8A759FD1D /* lightT.png */; };
		59C63EF9BF11498CAD4716B8 /* pattern.svg in Resources */ = {isa = PBXBuildFile; fileRef = D94B7CBC4347426CA13112C1 /* pattern.svg */; };
		5B0DB141B4A0485BA6B18ADE /* couponPatren.png in Resources */ = {isa = PBXBuildFile; fileRef = 8B86CE3493414A85A816936E /* couponPatren.png */; };
		5D440746357D459385C4B4F7 /* logo.png in Resources */ = {isa = PBXBuildFile; fileRef = 57662D9869734F709C54BC3D /* logo.png */; };
		6316B537C54F485B8D783D1F /* greenT.png in Resources */ = {isa = PBXBuildFile; fileRef = B3B648A9F998412495C9FFEE /* greenT.png */; };
		71C07B52B0FB41FF97B793D0 /* user.png in Resources */ = {isa = PBXBuildFile; fileRef = 350E39DB72B04E81920910FF /* user.png */; };
		7D25D3AAAD7C4F0FA8CB468D /* bluet.png in Resources */ = {isa = PBXBuildFile; fileRef = E91DE39860DE45DCAE9D7823 /* bluet.png */; };
		81AB9BB82411601600AC10FF /* LaunchScreen.storyboard in Resources */ = {isa = PBXBuildFile; fileRef = 81AB9BB72411601600AC10FF /* LaunchScreen.storyboard */; };
		87BEA03F0EF443A9BCDA67AC /* setting2.png in Resources */ = {isa = PBXBuildFile; fileRef = 13742075377B4CDEBF4CD07F /* setting2.png */; };
		88549F1BC4D94B9D96A9FFB1 /* menu.png in Resources */ = {isa = PBXBuildFile; fileRef = 7BC0EE9AFFF743CEA421DFE7 /* menu.png */; };
		8D4442F6462747F2A4D23E57 /* social-apple.png in Resources */ = {isa = PBXBuildFile; fileRef = FD469E8554284C0C89DA35CF /* social-apple.png */; };
		9277AF461E194A78B943D75A /* resturent.png in Resources */ = {isa = PBXBuildFile; fileRef = 04F818B01B2E4FA7B094A3D9 /* resturent.png */; };
		96D0EC482F084D05AD59258E /* setting.png in Resources */ = {isa = PBXBuildFile; fileRef = 51FCFB4CC13B420CA4B39E8A /* setting.png */; };
		9C12D2142AF6E88600E09622 /* libreact-native-geocoder.a in Frameworks */ = {isa = PBXBuildFile; fileRef = 9C12D2132AF6E88600E09622 /* libreact-native-geocoder.a */; };
		9C7C63992AF978BF00115728 /* Poppins-Regular.ttf in Resources */ = {isa = PBXBuildFile; fileRef = 9C7C63942AF978BE00115728 /* Poppins-Regular.ttf */; };
		9C7C639A2AF978BF00115728 /* Poppins-Medium.ttf in Resources */ = {isa = PBXBuildFile; fileRef = 9C7C63962AF978BE00115728 /* Poppins-Medium.ttf */; };
		9C7C639B2AF978BF00115728 /* Poppins-Bold.ttf in Resources */ = {isa = PBXBuildFile; fileRef = 9C7C63972AF978BE00115728 /* Poppins-Bold.ttf */; };
		9C7C639C2AF978BF00115728 /* Poppins-Light.ttf in Resources */ = {isa = PBXBuildFile; fileRef = 9C7C63982AF978BF00115728 /* Poppins-Light.ttf */; };
		9C7C639E2AF979A000115728 /* Outfit-VariableFont_wght.ttf in Resources */ = {isa = PBXBuildFile; fileRef = 9C7C639D2AF979A000115728 /* Outfit-VariableFont_wght.ttf */; };
		A00960606BE1491AA235CAEA /* splash.jpg in Resources */ = {isa = PBXBuildFile; fileRef = 1989B9DF67D6489B8EE212C4 /* splash.jpg */; };
		A057D6704D29420FBE652751 /* facebook.png in Resources */ = {isa = PBXBuildFile; fileRef = 926ED7AFE5614DBBA27C0658 /* facebook.png */; };
		ADD4DAE665BB4FA381E4675A /* home.png in Resources */ = {isa = PBXBuildFile; fileRef = 0FB26DE9D45644128D199D64 /* home.png */; };
		AEE5936ACB2F4B68947D076E /* edit.png in Resources */ = {isa = PBXBuildFile; fileRef = 92BFDD48408B430884E23F9A /* edit.png */; };
		B28B368493154FEA96B93723 /* eye-slash.png in Resources */ = {isa = PBXBuildFile; fileRef = 88FDC5A064E6494DAF0AE0C1 /* eye-slash.png */; };
		C4A82ED80E3541CD8C0B9FF6 /* coupons.png in Resources */ = {isa = PBXBuildFile; fileRef = FD586FD47B15441598876B22 /* coupons.png */; };
		C9ACF1C8BC244721AF092E49 /* logout.png in Resources */ = {isa = PBXBuildFile; fileRef = 5C9D28EE871F43B294D5521F /* logout.png */; };
		CE5999F22D8443AB8C4066C3 /* coupan.png in Resources */ = {isa = PBXBuildFile; fileRef = FE6AE89C1E7648B280B09C7A /* coupan.png */; };
		D10D151A1E6B49389379B69D /* camera.png in Resources */ = {isa = PBXBuildFile; fileRef = 846EFB3F8E8849CA9D177F9E /* camera.png */; };
		D16A564E707F6FC6FA104DF5 /* libPods-checkdinapp-checkdinappTests.a in Frameworks */ = {isa = PBXBuildFile; fileRef = 36F07B36D0033700A3BF57C6 /* libPods-checkdinapp-checkdinappTests.a */; };
		D5F8F1F5159E4143B4A37A24 /* filter.png in Resources */ = {isa = PBXBuildFile; fileRef = CBE0D46C0C2D474FBD32A402 /* filter.png */; };
		D95163BDEB6B49E2B119110F /* qr.png in Resources */ = {isa = PBXBuildFile; fileRef = 726F341E4FBE4674994823C4 /* qr.png */; };
		DA2873462DE143C4BD2AC3A2 /* linkedin.png in Resources */ = {isa = PBXBuildFile; fileRef = A2C25D3703F74F058E7B8E89 /* linkedin.png */; };
		DC6C1E09FC304A31BDBE2090 /* social-google.png in Resources */ = {isa = PBXBuildFile; fileRef = F4741DFC2C1748C6A80AB07F /* social-google.png */; };
		DD021D921BE24759AAE013B6 /* Vector.png in Resources */ = {isa = PBXBuildFile; fileRef = 7CF4E84282374996979C2CEC /* Vector.png */; };
		E103DB5A68C7485A82B21C4F /* pattern.png in Resources */ = {isa = PBXBuildFile; fileRef = 975A5057B3B14F99A8F5A0CD /* pattern.png */; };
		EDEED9E26278465AA6542674 /* search1.png in Resources */ = {isa = PBXBuildFile; fileRef = 9576CC9DCFDB41469CAD66F1 /* search1.png */; };
		F1B24B5CFD1845B1B0B1C446 /* eye.png in Resources */ = {isa = PBXBuildFile; fileRef = 4ABBFF78D6F34B46AD6B507C /* eye.png */; };
		F3FB457A02404BC1BA5C1097 /* Res.png in Resources */ = {isa = PBXBuildFile; fileRef = 1E8B590C9E8C4832AF32005D /* Res.png */; };
		F7247A239B224985A8D6889E /* close.png in Resources */ = {isa = PBXBuildFile; fileRef = 5CCD68C0AFE24E24A9E80173 /* close.png */; };
		F8B92F615AD0505E6EB1BAD8 /* libPods-checkdinapp.a in Frameworks */ = {isa = PBXBuildFile; fileRef = 6152E17834D0ED0742A6D79E /* libPods-checkdinapp.a */; };
/* End PBXBuildFile section */

/* Begin PBXContainerItemProxy section */
		00E356F41AD99517003FC87E /* PBXContainerItemProxy */ = {
			isa = PBXContainerItemProxy;
			containerPortal = 83CBB9F71A601CBA00E9B192 /* Project object */;
			proxyType = 1;
			remoteGlobalIDString = 13B07F861A680F5B00A75B9A;
			remoteInfo = checkdinapp;
		};
		9CB967752AF6FC4200FBF896 /* PBXContainerItemProxy */ = {
			isa = PBXContainerItemProxy;
			containerPortal = 9CB967712AF6FC4200FBF896 /* AirMaps.xcodeproj */;
			proxyType = 2;
			remoteGlobalIDString = 11FA5C511C4A1296003AC2EE;
			remoteInfo = AirMaps;
		};
/* End PBXContainerItemProxy section */

/* Begin PBXFileReference section */
		00E356EE1AD99517003FC87E /* checkdinappTests.xctest */ = {isa = PBXFileReference; explicitFileType = wrapper.cfbundle; includeInIndex = 0; path = checkdinappTests.xctest; sourceTree = BUILT_PRODUCTS_DIR; };
		00E356F11AD99517003FC87E /* Info.plist */ = {isa = PBXFileReference; lastKnownFileType = text.plist.xml; path = Info.plist; sourceTree = "<group>"; };
		00E356F21AD99517003FC87E /* checkdinappTests.m */ = {isa = PBXFileReference; lastKnownFileType = sourcecode.c.objc; path = checkdinappTests.m; sourceTree = "<group>"; };
		0181901E25BA4DB8A759FD1D /* lightT.png */ = {isa = PBXFileReference; explicitFileType = undefined; fileEncoding = 9; includeInIndex = 0; lastKnownFileType = unknown; name = lightT.png; path = ../src/assets/icons/lightT.png; sourceTree = "<group>"; };
		01BDE9300A564B1EB645575A /* social-facebook.png */ = {isa = PBXFileReference; explicitFileType = undefined; fileEncoding = 9; includeInIndex = 0; lastKnownFileType = unknown; name = "social-facebook.png"; path = "../src/assets/images/social-facebook.png"; sourceTree = "<group>"; };
		0402D3CE2AA3DE1E00FE960D /* checkdinapp.entitlements */ = {isa = PBXFileReference; lastKnownFileType = text.plist.entitlements; name = checkdinapp.entitlements; path = checkdinapp/checkdinapp.entitlements; sourceTree = "<group>"; };
		0468591D2AC0E389005A496A /* checkdinapp-Bridging-Header.h */ = {isa = PBXFileReference; lastKnownFileType = sourcecode.c.h; path = "checkdinapp-Bridging-Header.h"; sourceTree = "<group>"; };
		0468591E2AC0E389005A496A /* File.swift */ = {isa = PBXFileReference; lastKnownFileType = sourcecode.swift; path = File.swift; sourceTree = "<group>"; };
		04F818B01B2E4FA7B094A3D9 /* resturent.png */ = {isa = PBXFileReference; explicitFileType = undefined; fileEncoding = 9; includeInIndex = 0; lastKnownFileType = unknown; name = resturent.png; path = ../src/assets/images/resturent.png; sourceTree = "<group>"; };
		0C8CD5DA0B64475CAD9E064F /* instagram.png */ = {isa = PBXFileReference; explicitFileType = undefined; fileEncoding = 9; includeInIndex = 0; lastKnownFileType = unknown; name = instagram.png; path = ../src/assets/icons/instagram.png; sourceTree = "<group>"; };
		0F14523AE4DF4ABB80CDBBA0 /* check.png */ = {isa = PBXFileReference; explicitFileType = undefined; fileEncoding = 9; includeInIndex = 0; lastKnownFileType = unknown; name = check.png; path = ../src/assets/icons/check.png; sourceTree = "<group>"; };
		0FB26DE9D45644128D199D64 /* home.png */ = {isa = PBXFileReference; explicitFileType = undefined; fileEncoding = 9; includeInIndex = 0; lastKnownFileType = unknown; name = home.png; path = ../src/assets/icons/home.png; sourceTree = "<group>"; };
		13742075377B4CDEBF4CD07F /* setting2.png */ = {isa = PBXFileReference; explicitFileType = undefined; fileEncoding = 9; includeInIndex = 0; lastKnownFileType = unknown; name = setting2.png; path = ../src/assets/icons/setting2.png; sourceTree = "<group>"; };
		13B07F961A680F5B00A75B9A /* checkdinapp.app */ = {isa = PBXFileReference; explicitFileType = wrapper.application; includeInIndex = 0; path = checkdinapp.app; sourceTree = BUILT_PRODUCTS_DIR; };
		13B07FAF1A68108700A75B9A /* AppDelegate.h */ = {isa = PBXFileReference; fileEncoding = 4; lastKnownFileType = sourcecode.c.h; name = AppDelegate.h; path = checkdinapp/AppDelegate.h; sourceTree = "<group>"; };
		13B07FB01A68108700A75B9A /* AppDelegate.mm */ = {isa = PBXFileReference; fileEncoding = 4; lastKnownFileType = sourcecode.cpp.objcpp; name = AppDelegate.mm; path = checkdinapp/AppDelegate.mm; sourceTree = "<group>"; };
		13B07FB51A68108700A75B9A /* Images.xcassets */ = {isa = PBXFileReference; lastKnownFileType = folder.assetcatalog; name = Images.xcassets; path = checkdinapp/Images.xcassets; sourceTree = "<group>"; };
		13B07FB61A68108700A75B9A /* Info.plist */ = {isa = PBXFileReference; fileEncoding = 4; lastKnownFileType = text.plist.xml; name = Info.plist; path = checkdinapp/Info.plist; sourceTree = "<group>"; };
		13B07FB71A68108700A75B9A /* main.m */ = {isa = PBXFileReference; fileEncoding = 4; lastKnownFileType = sourcecode.c.objc; name = main.m; path = checkdinapp/main.m; sourceTree = "<group>"; };
		1989B9DF67D6489B8EE212C4 /* splash.jpg */ = {isa = PBXFileReference; explicitFileType = undefined; fileEncoding = 9; includeInIndex = 0; lastKnownFileType = unknown; name = splash.jpg; path = ../src/assets/splash/splash.jpg; sourceTree = "<group>"; };
		1E8B590C9E8C4832AF32005D /* Res.png */ = {isa = PBXFileReference; explicitFileType = undefined; fileEncoding = 9; includeInIndex = 0; lastKnownFileType = unknown; name = Res.png; path = ../src/assets/images/Res.png; sourceTree = "<group>"; };
		26FF336DCBC82883535E357E /* Pods-checkdinapp.release.xcconfig */ = {isa = PBXFileReference; includeInIndex = 1; lastKnownFileType = text.xcconfig; name = "Pods-checkdinapp.release.xcconfig"; path = "Target Support Files/Pods-checkdinapp/Pods-checkdinapp.release.xcconfig"; sourceTree = "<group>"; };
		350E39DB72B04E81920910FF /* user.png */ = {isa = PBXFileReference; explicitFileType = undefined; fileEncoding = 9; includeInIndex = 0; lastKnownFileType = unknown; name = user.png; path = ../src/assets/icons/user.png; sourceTree = "<group>"; };
		36F07B36D0033700A3BF57C6 /* libPods-checkdinapp-checkdinappTests.a */ = {isa = PBXFileReference; explicitFileType = archive.ar; includeInIndex = 0; path = "libPods-checkdinapp-checkdinappTests.a"; sourceTree = BUILT_PRODUCTS_DIR; };
		3BF342B7133F2026912C6CE0 /* Pods-checkdinapp-checkdinappTests.debug.xcconfig */ = {isa = PBXFileReference; includeInIndex = 1; lastKnownFileType = text.xcconfig; name = "Pods-checkdinapp-checkdinappTests.debug.xcconfig"; path = "Target Support Files/Pods-checkdinapp-checkdinappTests/Pods-checkdinapp-checkdinappTests.debug.xcconfig"; sourceTree = "<group>"; };
		424482D2B6B24700AB1B486B /* arrowleft.png */ = {isa = PBXFileReference; explicitFileType = undefined; fileEncoding = 9; includeInIndex = 0; lastKnownFileType = unknown; name = arrowleft.png; path = ../src/assets/icons/arrowleft.png; sourceTree = "<group>"; };
		4ABBFF78D6F34B46AD6B507C /* eye.png */ = {isa = PBXFileReference; explicitFileType = undefined; fileEncoding = 9; includeInIndex = 0; lastKnownFileType = unknown; name = eye.png; path = ../src/assets/icons/eye.png; sourceTree = "<group>"; };
		51FCFB4CC13B420CA4B39E8A /* setting.png */ = {isa = PBXFileReference; explicitFileType = undefined; fileEncoding = 9; includeInIndex = 0; lastKnownFileType = unknown; name = setting.png; path = ../src/assets/icons/setting.png; sourceTree = "<group>"; };
		521239042D83545100E6699C /* GoogleService-Info.plist */ = {isa = PBXFileReference; lastKnownFileType = text.plist.xml; path = "GoogleService-Info.plist"; sourceTree = "<group>"; };
		521239132D8356C000E6699C /* PrivacyInfo.xcprivacy */ = {isa = PBXFileReference; lastKnownFileType = text.xml; path = PrivacyInfo.xcprivacy; sourceTree = "<group>"; };
		57662D9869734F709C54BC3D /* logo.png */ = {isa = PBXFileReference; explicitFileType = undefined; fileEncoding = 9; includeInIndex = 0; lastKnownFileType = unknown; name = logo.png; path = ../src/assets/images/logo.png; sourceTree = "<group>"; };
		5C9D28EE871F43B294D5521F /* logout.png */ = {isa = PBXFileReference; explicitFileType = undefined; fileEncoding = 9; includeInIndex = 0; lastKnownFileType = unknown; name = logout.png; path = ../src/assets/icons/logout.png; sourceTree = "<group>"; };
		5CCD68C0AFE24E24A9E80173 /* close.png */ = {isa = PBXFileReference; explicitFileType = undefined; fileEncoding = 9; includeInIndex = 0; lastKnownFileType = unknown; name = close.png; path = ../src/assets/icons/close.png; sourceTree = "<group>"; };
		5D90FBFF544745D1A3D8AE01 /* drawerbg.png */ = {isa = PBXFileReference; explicitFileType = undefined; fileEncoding = 9; includeInIndex = 0; lastKnownFileType = unknown; name = drawerbg.png; path = ../src/assets/images/drawerbg.png; sourceTree = "<group>"; };
		6152E17834D0ED0742A6D79E /* libPods-checkdinapp.a */ = {isa = PBXFileReference; explicitFileType = archive.ar; includeInIndex = 0; path = "libPods-checkdinapp.a"; sourceTree = BUILT_PRODUCTS_DIR; };
		69E3DFD26EB34B0D94350486 /* whatsapp.png */ = {isa = PBXFileReference; explicitFileType = undefined; fileEncoding = 9; includeInIndex = 0; lastKnownFileType = unknown; name = whatsapp.png; path = ../src/assets/icons/whatsapp.png; sourceTree = "<group>"; };
		726F341E4FBE4674994823C4 /* qr.png */ = {isa = PBXFileReference; explicitFileType = undefined; fileEncoding = 9; includeInIndex = 0; lastKnownFileType = unknown; name = qr.png; path = ../src/assets/images/qr.png; sourceTree = "<group>"; };
		7B41AB69BD734D43B687CC37 /* message.png */ = {isa = PBXFileReference; explicitFileType = undefined; fileEncoding = 9; includeInIndex = 0; lastKnownFileType = unknown; name = message.png; path = ../src/assets/icons/message.png; sourceTree = "<group>"; };
		7BC0EE9AFFF743CEA421DFE7 /* menu.png */ = {isa = PBXFileReference; explicitFileType = undefined; fileEncoding = 9; includeInIndex = 0; lastKnownFileType = unknown; name = menu.png; path = ../src/assets/icons/menu.png; sourceTree = "<group>"; };
		7CF4E84282374996979C2CEC /* Vector.png */ = {isa = PBXFileReference; explicitFileType = undefined; fileEncoding = 9; includeInIndex = 0; lastKnownFileType = unknown; name = Vector.png; path = ../src/assets/icons/Vector.png; sourceTree = "<group>"; };
		81AB9BB72411601600AC10FF /* LaunchScreen.storyboard */ = {isa = PBXFileReference; fileEncoding = 4; lastKnownFileType = file.storyboard; name = LaunchScreen.storyboard; path = checkdinapp/LaunchScreen.storyboard; sourceTree = "<group>"; };
		846EFB3F8E8849CA9D177F9E /* camera.png */ = {isa = PBXFileReference; explicitFileType = undefined; fileEncoding = 9; includeInIndex = 0; lastKnownFileType = unknown; name = camera.png; path = ../src/assets/icons/camera.png; sourceTree = "<group>"; };
		88FDC5A064E6494DAF0AE0C1 /* eye-slash.png */ = {isa = PBXFileReference; explicitFileType = undefined; fileEncoding = 9; includeInIndex = 0; lastKnownFileType = unknown; name = "eye-slash.png"; path = "../src/assets/icons/eye-slash.png"; sourceTree = "<group>"; };
		8B86CE3493414A85A816936E /* couponPatren.png */ = {isa = PBXFileReference; explicitFileType = undefined; fileEncoding = 9; includeInIndex = 0; lastKnownFileType = unknown; name = couponPatren.png; path = ../src/assets/pattern/couponPatren.png; sourceTree = "<group>"; };
		926ED7AFE5614DBBA27C0658 /* facebook.png */ = {isa = PBXFileReference; explicitFileType = undefined; fileEncoding = 9; includeInIndex = 0; lastKnownFileType = unknown; name = facebook.png; path = ../src/assets/icons/facebook.png; sourceTree = "<group>"; };
		92BFDD48408B430884E23F9A /* edit.png */ = {isa = PBXFileReference; explicitFileType = undefined; fileEncoding = 9; includeInIndex = 0; lastKnownFileType = unknown; name = edit.png; path = ../src/assets/icons/edit.png; sourceTree = "<group>"; };
		9576CC9DCFDB41469CAD66F1 /* search1.png */ = {isa = PBXFileReference; explicitFileType = undefined; fileEncoding = 9; includeInIndex = 0; lastKnownFileType = unknown; name = search1.png; path = ../src/assets/icons/search1.png; sourceTree = "<group>"; };
		975A5057B3B14F99A8F5A0CD /* pattern.png */ = {isa = PBXFileReference; explicitFileType = undefined; fileEncoding = 9; includeInIndex = 0; lastKnownFileType = unknown; name = pattern.png; path = ../src/assets/pattern/pattern.png; sourceTree = "<group>"; };
		9C12D2132AF6E88600E09622 /* libreact-native-geocoder.a */ = {isa = PBXFileReference; explicitFileType = archive.ar; path = "libreact-native-geocoder.a"; sourceTree = BUILT_PRODUCTS_DIR; };
		9C7C63942AF978BE00115728 /* Poppins-Regular.ttf */ = {isa = PBXFileReference; lastKnownFileType = file; name = "Poppins-Regular.ttf"; path = "../src/assets/fonts/Poppins-Regular.ttf"; sourceTree = "<group>"; };
		9C7C63962AF978BE00115728 /* Poppins-Medium.ttf */ = {isa = PBXFileReference; lastKnownFileType = file; name = "Poppins-Medium.ttf"; path = "../src/assets/fonts/Poppins-Medium.ttf"; sourceTree = "<group>"; };
		9C7C63972AF978BE00115728 /* Poppins-Bold.ttf */ = {isa = PBXFileReference; lastKnownFileType = file; name = "Poppins-Bold.ttf"; path = "../src/assets/fonts/Poppins-Bold.ttf"; sourceTree = "<group>"; };
		9C7C63982AF978BF00115728 /* Poppins-Light.ttf */ = {isa = PBXFileReference; lastKnownFileType = file; name = "Poppins-Light.ttf"; path = "../src/assets/fonts/Poppins-Light.ttf"; sourceTree = "<group>"; };
		9C7C639D2AF979A000115728 /* Outfit-VariableFont_wght.ttf */ = {isa = PBXFileReference; lastKnownFileType = file; name = "Outfit-VariableFont_wght.ttf"; path = "../src/assets/fonts/Outfit-VariableFont_wght.ttf"; sourceTree = "<group>"; };
		9CB967712AF6FC4200FBF896 /* AirMaps.xcodeproj */ = {isa = PBXFileReference; lastKnownFileType = "wrapper.pb-project"; name = AirMaps.xcodeproj; path = "../node_modules/react-native-maps/ios/AirMaps.xcodeproj"; sourceTree = "<group>"; };
		A2C25D3703F74F058E7B8E89 /* linkedin.png */ = {isa = PBXFileReference; explicitFileType = undefined; fileEncoding = 9; includeInIndex = 0; lastKnownFileType = unknown; name = linkedin.png; path = ../src/assets/icons/linkedin.png; sourceTree = "<group>"; };
		B3B648A9F998412495C9FFEE /* greenT.png */ = {isa = PBXFileReference; explicitFileType = undefined; fileEncoding = 9; includeInIndex = 0; lastKnownFileType = unknown; name = greenT.png; path = ../src/assets/icons/greenT.png; sourceTree = "<group>"; };
		C19C4136AD8F4439A1C33E1C /* search.png */ = {isa = PBXFileReference; explicitFileType = undefined; fileEncoding = 9; includeInIndex = 0; lastKnownFileType = unknown; name = search.png; path = ../src/assets/icons/search.png; sourceTree = "<group>"; };
		C3E7245B34CF4B0BB2B158CA /* back.png */ = {isa = PBXFileReference; explicitFileType = undefined; fileEncoding = 9; includeInIndex = 0; lastKnownFileType = unknown; name = back.png; path = ../src/assets/icons/back.png; sourceTree = "<group>"; };
		CBE0D46C0C2D474FBD32A402 /* filter.png */ = {isa = PBXFileReference; explicitFileType = undefined; fileEncoding = 9; includeInIndex = 0; lastKnownFileType = unknown; name = filter.png; path = ../src/assets/icons/filter.png; sourceTree = "<group>"; };
		D94B7CBC4347426CA13112C1 /* pattern.svg */ = {isa = PBXFileReference; explicitFileType = undefined; fileEncoding = 9; includeInIndex = 0; lastKnownFileType = unknown; name = pattern.svg; path = ../src/assets/pattern/pattern.svg; sourceTree = "<group>"; };
		DA5F3C27E819439A853A090C /* map.png */ = {isa = PBXFileReference; explicitFileType = undefined; fileEncoding = 9; includeInIndex = 0; lastKnownFileType = unknown; name = map.png; path = ../src/assets/icons/map.png; sourceTree = "<group>"; };
		E91DE39860DE45DCAE9D7823 /* bluet.png */ = {isa = PBXFileReference; explicitFileType = undefined; fileEncoding = 9; includeInIndex = 0; lastKnownFileType = unknown; name = bluet.png; path = ../src/assets/icons/bluet.png; sourceTree = "<group>"; };
		ECDEFCC85A6ADDBF26F951B8 /* Pods-checkdinapp.debug.xcconfig */ = {isa = PBXFileReference; includeInIndex = 1; lastKnownFileType = text.xcconfig; name = "Pods-checkdinapp.debug.xcconfig"; path = "Target Support Files/Pods-checkdinapp/Pods-checkdinapp.debug.xcconfig"; sourceTree = "<group>"; };
		ED297162215061F000B7C4FE /* JavaScriptCore.framework */ = {isa = PBXFileReference; lastKnownFileType = wrapper.framework; name = JavaScriptCore.framework; path = System/Library/Frameworks/JavaScriptCore.framework; sourceTree = SDKROOT; };
		F4741DFC2C1748C6A80AB07F /* social-google.png */ = {isa = PBXFileReference; explicitFileType = undefined; fileEncoding = 9; includeInIndex = 0; lastKnownFileType = unknown; name = "social-google.png"; path = "../src/assets/images/social-google.png"; sourceTree = "<group>"; };
		F7BB5FC99259784B8E3801C2 /* Pods-checkdinapp-checkdinappTests.release.xcconfig */ = {isa = PBXFileReference; includeInIndex = 1; lastKnownFileType = text.xcconfig; name = "Pods-checkdinapp-checkdinappTests.release.xcconfig"; path = "Target Support Files/Pods-checkdinapp-checkdinappTests/Pods-checkdinapp-checkdinappTests.release.xcconfig"; sourceTree = "<group>"; };
		FAC39B22EED34B598CFE4E8F /* tickB.png */ = {isa = PBXFileReference; explicitFileType = undefined; fileEncoding = 9; includeInIndex = 0; lastKnownFileType = unknown; name = tickB.png; path = ../src/assets/icons/tickB.png; sourceTree = "<group>"; };
		FD469E8554284C0C89DA35CF /* social-apple.png */ = {isa = PBXFileReference; explicitFileType = undefined; fileEncoding = 9; includeInIndex = 0; lastKnownFileType = unknown; name = "social-apple.png"; path = "../src/assets/images/social-apple.png"; sourceTree = "<group>"; };
		FD586FD47B15441598876B22 /* coupons.png */ = {isa = PBXFileReference; explicitFileType = undefined; fileEncoding = 9; includeInIndex = 0; lastKnownFileType = unknown; name = coupons.png; path = ../src/assets/icons/coupons.png; sourceTree = "<group>"; };
		FE6AE89C1E7648B280B09C7A /* coupan.png */ = {isa = PBXFileReference; explicitFileType = undefined; fileEncoding = 9; includeInIndex = 0; lastKnownFileType = unknown; name = coupan.png; path = ../src/assets/images/coupan.png; sourceTree = "<group>"; };
/* End PBXFileReference section */

/* Begin PBXFrameworksBuildPhase section */
		00E356EB1AD99517003FC87E /* Frameworks */ = {
			isa = PBXFrameworksBuildPhase;
			buildActionMask = 2147483647;
			files = (
				D16A564E707F6FC6FA104DF5 /* libPods-checkdinapp-checkdinappTests.a in Frameworks */,
			);
			runOnlyForDeploymentPostprocessing = 0;
		};
		13B07F8C1A680F5B00A75B9A /* Frameworks */ = {
			isa = PBXFrameworksBuildPhase;
			buildActionMask = 2147483647;
			files = (
				9C12D2142AF6E88600E09622 /* libreact-native-geocoder.a in Frameworks */,
				F8B92F615AD0505E6EB1BAD8 /* libPods-checkdinapp.a in Frameworks */,
			);
			runOnlyForDeploymentPostprocessing = 0;
		};
/* End PBXFrameworksBuildPhase section */

/* Begin PBXGroup section */
		00E356EF1AD99517003FC87E /* checkdinappTests */ = {
			isa = PBXGroup;
			children = (
				00E356F21AD99517003FC87E /* checkdinappTests.m */,
				00E356F01AD99517003FC87E /* Supporting Files */,
			);
			path = checkdinappTests;
			sourceTree = "<group>";
		};
		00E356F01AD99517003FC87E /* Supporting Files */ = {
			isa = PBXGroup;
			children = (
				00E356F11AD99517003FC87E /* Info.plist */,
			);
			name = "Supporting Files";
			sourceTree = "<group>";
		};
		13B07FAE1A68108700A75B9A /* checkdinapp */ = {
			isa = PBXGroup;
			children = (
				0402D3CE2AA3DE1E00FE960D /* checkdinapp.entitlements */,
				13B07FAF1A68108700A75B9A /* AppDelegate.h */,
				13B07FB01A68108700A75B9A /* AppDelegate.mm */,
				13B07FB51A68108700A75B9A /* Images.xcassets */,
				13B07FB61A68108700A75B9A /* Info.plist */,
				81AB9BB72411601600AC10FF /* LaunchScreen.storyboard */,
				13B07FB71A68108700A75B9A /* main.m */,
				0468591E2AC0E389005A496A /* File.swift */,
				0468591D2AC0E389005A496A /* checkdinapp-Bridging-Header.h */,
			);
			name = checkdinapp;
			sourceTree = "<group>";
		};
		2D16E6871FA4F8E400B85C8A /* Frameworks */ = {
			isa = PBXGroup;
			children = (
				9C12D2132AF6E88600E09622 /* libreact-native-geocoder.a */,
				ED297162215061F000B7C4FE /* JavaScriptCore.framework */,
				6152E17834D0ED0742A6D79E /* libPods-checkdinapp.a */,
				36F07B36D0033700A3BF57C6 /* libPods-checkdinapp-checkdinappTests.a */,
			);
			name = Frameworks;
			sourceTree = "<group>";
		};
		832341AE1AAA6A7D00B99B32 /* Libraries */ = {
			isa = PBXGroup;
			children = (
				9CB967712AF6FC4200FBF896 /* AirMaps.xcodeproj */,
			);
			name = Libraries;
			sourceTree = "<group>";
		};
		83CBB9F61A601CBA00E9B192 = {
			isa = PBXGroup;
			children = (
				521239042D83545100E6699C /* GoogleService-Info.plist */,
				13B07FAE1A68108700A75B9A /* checkdinapp */,
				832341AE1AAA6A7D00B99B32 /* Libraries */,
				00E356EF1AD99517003FC87E /* checkdinappTests */,
				83CBBA001A601CBA00E9B192 /* Products */,
				2D16E6871FA4F8E400B85C8A /* Frameworks */,
				BBD78D7AC51CEA395F1C20DB /* Pods */,
				B1337047EAB241D7B544DF59 /* Resources */,
			);
			indentWidth = 2;
			sourceTree = "<group>";
			tabWidth = 2;
			usesTabs = 0;
		};
		83CBBA001A601CBA00E9B192 /* Products */ = {
			isa = PBXGroup;
			children = (
				13B07F961A680F5B00A75B9A /* checkdinapp.app */,
				00E356EE1AD99517003FC87E /* checkdinappTests.xctest */,
			);
			name = Products;
			sourceTree = "<group>";
		};
		9CB967722AF6FC4200FBF896 /* Products */ = {
			isa = PBXGroup;
			children = (
				9CB967762AF6FC4200FBF896 /* libAirMaps.a */,
			);
			name = Products;
			sourceTree = "<group>";
		};
		B1337047EAB241D7B544DF59 /* Resources */ = {
			isa = PBXGroup;
			children = (
				521239132D8356C000E6699C /* PrivacyInfo.xcprivacy */,
				9C7C639D2AF979A000115728 /* Outfit-VariableFont_wght.ttf */,
				9C7C63972AF978BE00115728 /* Poppins-Bold.ttf */,
				9C7C63982AF978BF00115728 /* Poppins-Light.ttf */,
				9C7C63962AF978BE00115728 /* Poppins-Medium.ttf */,
				9C7C63942AF978BE00115728 /* Poppins-Regular.ttf */,
				424482D2B6B24700AB1B486B /* arrowleft.png */,
				C3E7245B34CF4B0BB2B158CA /* back.png */,
				E91DE39860DE45DCAE9D7823 /* bluet.png */,
				846EFB3F8E8849CA9D177F9E /* camera.png */,
				0F14523AE4DF4ABB80CDBBA0 /* check.png */,
				FD586FD47B15441598876B22 /* coupons.png */,
				92BFDD48408B430884E23F9A /* edit.png */,
				88FDC5A064E6494DAF0AE0C1 /* eye-slash.png */,
				4ABBFF78D6F34B46AD6B507C /* eye.png */,
				926ED7AFE5614DBBA27C0658 /* facebook.png */,
				CBE0D46C0C2D474FBD32A402 /* filter.png */,
				B3B648A9F998412495C9FFEE /* greenT.png */,
				0FB26DE9D45644128D199D64 /* home.png */,
				0181901E25BA4DB8A759FD1D /* lightT.png */,
				5C9D28EE871F43B294D5521F /* logout.png */,
				DA5F3C27E819439A853A090C /* map.png */,
				7BC0EE9AFFF743CEA421DFE7 /* menu.png */,
				7B41AB69BD734D43B687CC37 /* message.png */,
				C19C4136AD8F4439A1C33E1C /* search.png */,
				9576CC9DCFDB41469CAD66F1 /* search1.png */,
				51FCFB4CC13B420CA4B39E8A /* setting.png */,
				13742075377B4CDEBF4CD07F /* setting2.png */,
				FAC39B22EED34B598CFE4E8F /* tickB.png */,
				350E39DB72B04E81920910FF /* user.png */,
				69E3DFD26EB34B0D94350486 /* whatsapp.png */,
				1E8B590C9E8C4832AF32005D /* Res.png */,
				FE6AE89C1E7648B280B09C7A /* coupan.png */,
				5D90FBFF544745D1A3D8AE01 /* drawerbg.png */,
				57662D9869734F709C54BC3D /* logo.png */,
				726F341E4FBE4674994823C4 /* qr.png */,
				04F818B01B2E4FA7B094A3D9 /* resturent.png */,
				FD469E8554284C0C89DA35CF /* social-apple.png */,
				01BDE9300A564B1EB645575A /* social-facebook.png */,
				F4741DFC2C1748C6A80AB07F /* social-google.png */,
				8B86CE3493414A85A816936E /* couponPatren.png */,
				975A5057B3B14F99A8F5A0CD /* pattern.png */,
				D94B7CBC4347426CA13112C1 /* pattern.svg */,
				1989B9DF67D6489B8EE212C4 /* splash.jpg */,
				7CF4E84282374996979C2CEC /* Vector.png */,
				5CCD68C0AFE24E24A9E80173 /* close.png */,
				0C8CD5DA0B64475CAD9E064F /* instagram.png */,
				A2C25D3703F74F058E7B8E89 /* linkedin.png */,
			);
			name = Resources;
			sourceTree = "<group>";
		};
		BBD78D7AC51CEA395F1C20DB /* Pods */ = {
			isa = PBXGroup;
			children = (
				ECDEFCC85A6ADDBF26F951B8 /* Pods-checkdinapp.debug.xcconfig */,
				26FF336DCBC82883535E357E /* Pods-checkdinapp.release.xcconfig */,
				3BF342B7133F2026912C6CE0 /* Pods-checkdinapp-checkdinappTests.debug.xcconfig */,
				F7BB5FC99259784B8E3801C2 /* Pods-checkdinapp-checkdinappTests.release.xcconfig */,
			);
			path = Pods;
			sourceTree = "<group>";
		};
/* End PBXGroup section */

/* Begin PBXNativeTarget section */
		00E356ED1AD99517003FC87E /* checkdinappTests */ = {
			isa = PBXNativeTarget;
			buildConfigurationList = 00E357021AD99517003FC87E /* Build configuration list for PBXNativeTarget "checkdinappTests" */;
			buildPhases = (
				30402DCD25C94A9201001345 /* [CP] Check Pods Manifest.lock */,
				00E356EA1AD99517003FC87E /* Sources */,
				00E356EB1AD99517003FC87E /* Frameworks */,
				00E356EC1AD99517003FC87E /* Resources */,
				4FD79F563DD029F5BAB965B7 /* [CP] Embed Pods Frameworks */,
				A5F19A2B58D58E90EF3BB740 /* [CP] Copy Pods Resources */,
			);
			buildRules = (
			);
			dependencies = (
				00E356F51AD99517003FC87E /* PBXTargetDependency */,
			);
			name = checkdinappTests;
			productName = checkdinappTests;
			productReference = 00E356EE1AD99517003FC87E /* checkdinappTests.xctest */;
			productType = "com.apple.product-type.bundle.unit-test";
		};
		13B07F861A680F5B00A75B9A /* checkdinapp */ = {
			isa = PBXNativeTarget;
			buildConfigurationList = 13B07F931A680F5B00A75B9A /* Build configuration list for PBXNativeTarget "checkdinapp" */;
			buildPhases = (
				F406700BD49ACE6DB0FFB4BE /* [CP] Check Pods Manifest.lock */,
				FD10A7F022414F080027D42C /* Start Packager */,
				13B07F871A680F5B00A75B9A /* Sources */,
				13B07F8C1A680F5B00A75B9A /* Frameworks */,
				13B07F8E1A680F5B00A75B9A /* Resources */,
				00DD1BFF1BD5951E006B06BC /* Bundle React Native code and images */,
				6F8EE899CB16ADE00339B2AF /* [CP] Embed Pods Frameworks */,
				43C82C942A4A7B270FF8C5D2 /* [CP] Copy Pods Resources */,
				F5CA0475A0151AAC7F291ADB /* [CP-User] [RNFB] Core Configuration */,
			);
			buildRules = (
			);
			dependencies = (
			);
			name = checkdinapp;
			productName = checkdinapp;
			productReference = 13B07F961A680F5B00A75B9A /* checkdinapp.app */;
			productType = "com.apple.product-type.application";
		};
/* End PBXNativeTarget section */

/* Begin PBXProject section */
		83CBB9F71A601CBA00E9B192 /* Project object */ = {
			isa = PBXProject;
			attributes = {
				BuildIndependentTargetsInParallel = YES;
				LastUpgradeCheck = 1620;
				TargetAttributes = {
					00E356ED1AD99517003FC87E = {
						CreatedOnToolsVersion = 6.2;
						TestTargetID = 13B07F861A680F5B00A75B9A;
					};
					13B07F861A680F5B00A75B9A = {
						LastSwiftMigration = 1430;
					};
				};
			};
			buildConfigurationList = 83CBB9FA1A601CBA00E9B192 /* Build configuration list for PBXProject "checkdinapp" */;
			compatibilityVersion = "Xcode 12.0";
			developmentRegion = en;
			hasScannedForEncodings = 0;
			knownRegions = (
				en,
				Base,
			);
			mainGroup = 83CBB9F61A601CBA00E9B192;
			productRefGroup = 83CBBA001A601CBA00E9B192 /* Products */;
			projectDirPath = "";
			projectReferences = (
				{
					ProductGroup = 9CB967722AF6FC4200FBF896 /* Products */;
					ProjectRef = 9CB967712AF6FC4200FBF896 /* AirMaps.xcodeproj */;
				},
			);
			projectRoot = "";
			targets = (
				13B07F861A680F5B00A75B9A /* checkdinapp */,
				00E356ED1AD99517003FC87E /* checkdinappTests */,
			);
		};
/* End PBXProject section */

/* Begin PBXReferenceProxy section */
		9CB967762AF6FC4200FBF896 /* libAirMaps.a */ = {
			isa = PBXReferenceProxy;
			fileType = archive.ar;
			path = libAirMaps.a;
			remoteRef = 9CB967752AF6FC4200FBF896 /* PBXContainerItemProxy */;
			sourceTree = BUILT_PRODUCTS_DIR;
		};
/* End PBXReferenceProxy section */

/* Begin PBXResourcesBuildPhase section */
		00E356EC1AD99517003FC87E /* Resources */ = {
			isa = PBXResourcesBuildPhase;
			buildActionMask = 2147483647;
			files = (
				521239052D83545100E6699C /* GoogleService-Info.plist in Resources */,
			);
			runOnlyForDeploymentPostprocessing = 0;
		};
		13B07F8E1A680F5B00A75B9A /* Resources */ = {
			isa = PBXResourcesBuildPhase;
			buildActionMask = 2147483647;
			files = (
				81AB9BB82411601600AC10FF /* LaunchScreen.storyboard in Resources */,
				9C7C639C2AF978BF00115728 /* Poppins-Light.ttf in Resources */,
				13B07FBF1A68108700A75B9A /* Images.xcassets in Resources */,
				19715267CA664CC3B56F8ADF /* arrowleft.png in Resources */,
				32CBFDB996FA452787ABC138 /* back.png in Resources */,
				7D25D3AAAD7C4F0FA8CB468D /* bluet.png in Resources */,
				9C7C639A2AF978BF00115728 /* Poppins-Medium.ttf in Resources */,
				9C7C639B2AF978BF00115728 /* Poppins-Bold.ttf in Resources */,
				D10D151A1E6B49389379B69D /* camera.png in Resources */,
				285E890FB6FF46A7AD6A61BB /* check.png in Resources */,
				C4A82ED80E3541CD8C0B9FF6 /* coupons.png in Resources */,
				9C7C63992AF978BF00115728 /* Poppins-Regular.ttf in Resources */,
				AEE5936ACB2F4B68947D076E /* edit.png in Resources */,
				B28B368493154FEA96B93723 /* eye-slash.png in Resources */,
				F1B24B5CFD1845B1B0B1C446 /* eye.png in Resources */,
				A057D6704D29420FBE652751 /* facebook.png in Resources */,
				D5F8F1F5159E4143B4A37A24 /* filter.png in Resources */,
				6316B537C54F485B8D783D1F /* greenT.png in Resources */,
				ADD4DAE665BB4FA381E4675A /* home.png in Resources */,
				533325ED0FD6489DBC5C01D6 /* lightT.png in Resources */,
				C9ACF1C8BC244721AF092E49 /* logout.png in Resources */,
				2E485407CF9F4A298C904522 /* map.png in Resources */,
				88549F1BC4D94B9D96A9FFB1 /* menu.png in Resources */,
				102D4D11877B4419929C4976 /* message.png in Resources */,
				484C481C30824E1F9068A1EB /* search.png in Resources */,
				EDEED9E26278465AA6542674 /* search1.png in Resources */,
				96D0EC482F084D05AD59258E /* setting.png in Resources */,
				521239062D83545100E6699C /* GoogleService-Info.plist in Resources */,
				87BEA03F0EF443A9BCDA67AC /* setting2.png in Resources */,
				1F6DCA5A756947AEB8BF86D0 /* tickB.png in Resources */,
				9C7C639E2AF979A000115728 /* Outfit-VariableFont_wght.ttf in Resources */,
				71C07B52B0FB41FF97B793D0 /* user.png in Resources */,
				0EECB863DB754368B4CCE410 /* whatsapp.png in Resources */,
				F3FB457A02404BC1BA5C1097 /* Res.png in Resources */,
				CE5999F22D8443AB8C4066C3 /* coupan.png in Resources */,
				07D0100874D24798918D34EC /* drawerbg.png in Resources */,
				5D440746357D459385C4B4F7 /* logo.png in Resources */,
				D95163BDEB6B49E2B119110F /* qr.png in Resources */,
				9277AF461E194A78B943D75A /* resturent.png in Resources */,
				8D4442F6462747F2A4D23E57 /* social-apple.png in Resources */,
				36B7E03D0FD44970AE36AE8F /* social-facebook.png in Resources */,
				DC6C1E09FC304A31BDBE2090 /* social-google.png in Resources */,
				521239142D8356C000E6699C /* PrivacyInfo.xcprivacy in Resources */,
				5B0DB141B4A0485BA6B18ADE /* couponPatren.png in Resources */,
				E103DB5A68C7485A82B21C4F /* pattern.png in Resources */,
				59C63EF9BF11498CAD4716B8 /* pattern.svg in Resources */,
				A00960606BE1491AA235CAEA /* splash.jpg in Resources */,
				DD021D921BE24759AAE013B6 /* Vector.png in Resources */,
				F7247A239B224985A8D6889E /* close.png in Resources */,
				0869338E6C3F4D97B3A52860 /* instagram.png in Resources */,
				DA2873462DE143C4BD2AC3A2 /* linkedin.png in Resources */,
			);
			runOnlyForDeploymentPostprocessing = 0;
		};
/* End PBXResourcesBuildPhase section */

/* Begin PBXShellScriptBuildPhase section */
		00DD1BFF1BD5951E006B06BC /* Bundle React Native code and images */ = {
			isa = PBXShellScriptBuildPhase;
			buildActionMask = 12;
			files = (
			);
			inputPaths = (
				"$(SRCROOT)/.xcode.env.local",
				"$(SRCROOT)/.xcode.env",
			);
			name = "Bundle React Native code and images";
			outputPaths = (
			);
			runOnlyForDeploymentPostprocessing = 0;
			shellPath = /bin/sh;
			shellScript = "set -e\n\nWITH_ENVIRONMENT=\"../node_modules/react-native/scripts/xcode/with-environment.sh\"\nREACT_NATIVE_XCODE=\"../node_modules/react-native/scripts/react-native-xcode.sh\"\n\n/bin/sh -c \"$WITH_ENVIRONMENT $REACT_NATIVE_XCODE\"\n";
		};
		30402DCD25C94A9201001345 /* [CP] Check Pods Manifest.lock */ = {
			isa = PBXShellScriptBuildPhase;
			buildActionMask = 2147483647;
			files = (
			);
			inputFileListPaths = (
			);
			inputPaths = (
				"${PODS_PODFILE_DIR_PATH}/Podfile.lock",
				"${PODS_ROOT}/Manifest.lock",
			);
			name = "[CP] Check Pods Manifest.lock";
			outputFileListPaths = (
			);
			outputPaths = (
				"$(DERIVED_FILE_DIR)/Pods-checkdinapp-checkdinappTests-checkManifestLockResult.txt",
			);
			runOnlyForDeploymentPostprocessing = 0;
			shellPath = /bin/sh;
			shellScript = "diff \"${PODS_PODFILE_DIR_PATH}/Podfile.lock\" \"${PODS_ROOT}/Manifest.lock\" > /dev/null\nif [ $? != 0 ] ; then\n    # print error to STDERR\n    echo \"error: The sandbox is not in sync with the Podfile.lock. Run 'pod install' or update your CocoaPods installation.\" >&2\n    exit 1\nfi\n# This output is used by Xcode 'outputs' to avoid re-running this script phase.\necho \"SUCCESS\" > \"${SCRIPT_OUTPUT_FILE_0}\"\n";
			showEnvVarsInLog = 0;
		};
		43C82C942A4A7B270FF8C5D2 /* [CP] Copy Pods Resources */ = {
			isa = PBXShellScriptBuildPhase;
			buildActionMask = 2147483647;
			files = (
			);
			inputFileListPaths = (
				"${PODS_ROOT}/Target Support Files/Pods-checkdinapp/Pods-checkdinapp-resources-${CONFIGURATION}-input-files.xcfilelist",
			);
			name = "[CP] Copy Pods Resources";
			outputFileListPaths = (
				"${PODS_ROOT}/Target Support Files/Pods-checkdinapp/Pods-checkdinapp-resources-${CONFIGURATION}-output-files.xcfilelist",
			);
			runOnlyForDeploymentPostprocessing = 0;
			shellPath = /bin/sh;
			shellScript = "\"${PODS_ROOT}/Target Support Files/Pods-checkdinapp/Pods-checkdinapp-resources.sh\"\n";
			showEnvVarsInLog = 0;
		};
		4FD79F563DD029F5BAB965B7 /* [CP] Embed Pods Frameworks */ = {
			isa = PBXShellScriptBuildPhase;
			buildActionMask = 2147483647;
			files = (
			);
			inputFileListPaths = (
				"${PODS_ROOT}/Target Support Files/Pods-checkdinapp-checkdinappTests/Pods-checkdinapp-checkdinappTests-frameworks-${CONFIGURATION}-input-files.xcfilelist",
			);
			name = "[CP] Embed Pods Frameworks";
			outputFileListPaths = (
				"${PODS_ROOT}/Target Support Files/Pods-checkdinapp-checkdinappTests/Pods-checkdinapp-checkdinappTests-frameworks-${CONFIGURATION}-output-files.xcfilelist",
			);
			runOnlyForDeploymentPostprocessing = 0;
			shellPath = /bin/sh;
			shellScript = "\"${PODS_ROOT}/Target Support Files/Pods-checkdinapp-checkdinappTests/Pods-checkdinapp-checkdinappTests-frameworks.sh\"\n";
			showEnvVarsInLog = 0;
		};
		6F8EE899CB16ADE00339B2AF /* [CP] Embed Pods Frameworks */ = {
			isa = PBXShellScriptBuildPhase;
			buildActionMask = 2147483647;
			files = (
			);
			inputFileListPaths = (
				"${PODS_ROOT}/Target Support Files/Pods-checkdinapp/Pods-checkdinapp-frameworks-${CONFIGURATION}-input-files.xcfilelist",
			);
			name = "[CP] Embed Pods Frameworks";
			outputFileListPaths = (
				"${PODS_ROOT}/Target Support Files/Pods-checkdinapp/Pods-checkdinapp-frameworks-${CONFIGURATION}-output-files.xcfilelist",
			);
			runOnlyForDeploymentPostprocessing = 0;
			shellPath = /bin/sh;
			shellScript = "\"${PODS_ROOT}/Target Support Files/Pods-checkdinapp/Pods-checkdinapp-frameworks.sh\"\n";
			showEnvVarsInLog = 0;
		};
		A5F19A2B58D58E90EF3BB740 /* [CP] Copy Pods Resources */ = {
			isa = PBXShellScriptBuildPhase;
			buildActionMask = 2147483647;
			files = (
			);
			inputFileListPaths = (
				"${PODS_ROOT}/Target Support Files/Pods-checkdinapp-checkdinappTests/Pods-checkdinapp-checkdinappTests-resources-${CONFIGURATION}-input-files.xcfilelist",
			);
			name = "[CP] Copy Pods Resources";
			outputFileListPaths = (
				"${PODS_ROOT}/Target Support Files/Pods-checkdinapp-checkdinappTests/Pods-checkdinapp-checkdinappTests-resources-${CONFIGURATION}-output-files.xcfilelist",
			);
			runOnlyForDeploymentPostprocessing = 0;
			shellPath = /bin/sh;
			shellScript = "\"${PODS_ROOT}/Target Support Files/Pods-checkdinapp-checkdinappTests/Pods-checkdinapp-checkdinappTests-resources.sh\"\n";
			showEnvVarsInLog = 0;
		};
		F406700BD49ACE6DB0FFB4BE /* [CP] Check Pods Manifest.lock */ = {
			isa = PBXShellScriptBuildPhase;
			buildActionMask = 2147483647;
			files = (
			);
			inputFileListPaths = (
			);
			inputPaths = (
				"${PODS_PODFILE_DIR_PATH}/Podfile.lock",
				"${PODS_ROOT}/Manifest.lock",
			);
			name = "[CP] Check Pods Manifest.lock";
			outputFileListPaths = (
			);
			outputPaths = (
				"$(DERIVED_FILE_DIR)/Pods-checkdinapp-checkManifestLockResult.txt",
			);
			runOnlyForDeploymentPostprocessing = 0;
			shellPath = /bin/sh;
			shellScript = "diff \"${PODS_PODFILE_DIR_PATH}/Podfile.lock\" \"${PODS_ROOT}/Manifest.lock\" > /dev/null\nif [ $? != 0 ] ; then\n    # print error to STDERR\n    echo \"error: The sandbox is not in sync with the Podfile.lock. Run 'pod install' or update your CocoaPods installation.\" >&2\n    exit 1\nfi\n# This output is used by Xcode 'outputs' to avoid re-running this script phase.\necho \"SUCCESS\" > \"${SCRIPT_OUTPUT_FILE_0}\"\n";
			showEnvVarsInLog = 0;
		};
		F5CA0475A0151AAC7F291ADB /* [CP-User] [RNFB] Core Configuration */ = {
			isa = PBXShellScriptBuildPhase;
			buildActionMask = 2147483647;
			files = (
			);
			inputPaths = (
				"$(BUILT_PRODUCTS_DIR)/$(INFOPLIST_PATH)",
			);
			name = "[CP-User] [RNFB] Core Configuration";
			runOnlyForDeploymentPostprocessing = 0;
			shellPath = /bin/sh;
			shellScript = "#!/usr/bin/env bash\n#\n# Copyright (c) 2016-present Invertase Limited & Contributors\n#\n# Licensed under the Apache License, Version 2.0 (the \"License\");\n# you may not use this library except in compliance with the License.\n# You may obtain a copy of the License at\n#\n#   http://www.apache.org/licenses/LICENSE-2.0\n#\n# Unless required by applicable law or agreed to in writing, software\n# distributed under the License is distributed on an \"AS IS\" BASIS,\n# WITHOUT WARRANTIES OR CONDITIONS OF ANY KIND, either express or implied.\n# See the License for the specific language governing permissions and\n# limitations under the License.\n#\nset -e\n\n_MAX_LOOKUPS=2;\n_SEARCH_RESULT=''\n_RN_ROOT_EXISTS=''\n_CURRENT_LOOKUPS=1\n_JSON_ROOT=\"'react-native'\"\n_JSON_FILE_NAME='firebase.json'\n_JSON_OUTPUT_BASE64='e30=' # { }\n_CURRENT_SEARCH_DIR=${PROJECT_DIR}\n_PLIST_BUDDY=/usr/libexec/PlistBuddy\n_TARGET_PLIST=\"${BUILT_PRODUCTS_DIR}/${INFOPLIST_PATH}\"\n_DSYM_PLIST=\"${DWARF_DSYM_FOLDER_PATH}/${DWARF_DSYM_FILE_NAME}/Contents/Info.plist\"\n\n# plist arrays\n_PLIST_ENTRY_KEYS=()\n_PLIST_ENTRY_TYPES=()\n_PLIST_ENTRY_VALUES=()\n\nfunction setPlistValue {\n  echo \"info:      setting plist entry '$1' of type '$2' in file '$4'\"\n  ${_PLIST_BUDDY} -c \"Add :$1 $2 '$3'\" $4 || echo \"info:      '$1' already exists\"\n}\n\nfunction getFirebaseJsonKeyValue () {\n  if [[ ${_RN_ROOT_EXISTS} ]]; then\n    ruby -Ku -e \"require 'rubygems';require 'json'; output=JSON.parse('$1'); puts output[$_JSON_ROOT]['$2']\"\n  else\n    echo \"\"\n  fi;\n}\n\nfunction jsonBoolToYesNo () {\n  if [[ $1 == \"false\" ]]; then\n    echo \"NO\"\n  elif [[ $1 == \"true\" ]]; then\n    echo \"YES\"\n  else echo \"NO\"\n  fi\n}\n\necho \"info: -> RNFB build script started\"\necho \"info: 1) Locating ${_JSON_FILE_NAME} file:\"\n\nif [[ -z ${_CURRENT_SEARCH_DIR} ]]; then\n  _CURRENT_SEARCH_DIR=$(pwd)\nfi;\n\nwhile true; do\n  _CURRENT_SEARCH_DIR=$(dirname \"$_CURRENT_SEARCH_DIR\")\n  if [[ \"$_CURRENT_SEARCH_DIR\" == \"/\" ]] || [[ ${_CURRENT_LOOKUPS} -gt ${_MAX_LOOKUPS} ]]; then break; fi;\n  echo \"info:      ($_CURRENT_LOOKUPS of $_MAX_LOOKUPS) Searching in '$_CURRENT_SEARCH_DIR' for a ${_JSON_FILE_NAME} file.\"\n  _SEARCH_RESULT=$(find \"$_CURRENT_SEARCH_DIR\" -maxdepth 2 -name ${_JSON_FILE_NAME} -print | /usr/bin/head -n 1)\n  if [[ ${_SEARCH_RESULT} ]]; then\n    echo \"info:      ${_JSON_FILE_NAME} found at $_SEARCH_RESULT\"\n    break;\n  fi;\n  _CURRENT_LOOKUPS=$((_CURRENT_LOOKUPS+1))\ndone\n\nif [[ ${_SEARCH_RESULT} ]]; then\n  _JSON_OUTPUT_RAW=$(cat \"${_SEARCH_RESULT}\")\n  _RN_ROOT_EXISTS=$(ruby -Ku -e \"require 'rubygems';require 'json'; output=JSON.parse('$_JSON_OUTPUT_RAW'); puts output[$_JSON_ROOT]\" || echo '')\n\n  if [[ ${_RN_ROOT_EXISTS} ]]; then\n    if ! python3 --version >/dev/null 2>&1; then echo \"python3 not found, firebase.json file processing error.\" && exit 1; fi\n    _JSON_OUTPUT_BASE64=$(python3 -c 'import json,sys,base64;print(base64.b64encode(bytes(json.dumps(json.loads(open('\"'${_SEARCH_RESULT}'\"', '\"'rb'\"').read())['${_JSON_ROOT}']), '\"'utf-8'\"')).decode())' || echo \"e30=\")\n  fi\n\n  _PLIST_ENTRY_KEYS+=(\"firebase_json_raw\")\n  _PLIST_ENTRY_TYPES+=(\"string\")\n  _PLIST_ENTRY_VALUES+=(\"$_JSON_OUTPUT_BASE64\")\n\n  # config.app_data_collection_default_enabled\n  _APP_DATA_COLLECTION_ENABLED=$(getFirebaseJsonKeyValue \"$_JSON_OUTPUT_RAW\" \"app_data_collection_default_enabled\")\n  if [[ $_APP_DATA_COLLECTION_ENABLED ]]; then\n    _PLIST_ENTRY_KEYS+=(\"FirebaseDataCollectionDefaultEnabled\")\n    _PLIST_ENTRY_TYPES+=(\"bool\")\n    _PLIST_ENTRY_VALUES+=(\"$(jsonBoolToYesNo \"$_APP_DATA_COLLECTION_ENABLED\")\")\n  fi\n\n  # config.analytics_auto_collection_enabled\n  _ANALYTICS_AUTO_COLLECTION=$(getFirebaseJsonKeyValue \"$_JSON_OUTPUT_RAW\" \"analytics_auto_collection_enabled\")\n  if [[ $_ANALYTICS_AUTO_COLLECTION ]]; then\n    _PLIST_ENTRY_KEYS+=(\"FIREBASE_ANALYTICS_COLLECTION_ENABLED\")\n    _PLIST_ENTRY_TYPES+=(\"bool\")\n    _PLIST_ENTRY_VALUES+=(\"$(jsonBoolToYesNo \"$_ANALYTICS_AUTO_COLLECTION\")\")\n  fi\n\n  # config.analytics_collection_deactivated\n  _ANALYTICS_DEACTIVATED=$(getFirebaseJsonKeyValue \"$_JSON_OUTPUT_RAW\" \"analytics_collection_deactivated\")\n  if [[ $_ANALYTICS_DEACTIVATED ]]; then\n    _PLIST_ENTRY_KEYS+=(\"FIREBASE_ANALYTICS_COLLECTION_DEACTIVATED\")\n    _PLIST_ENTRY_TYPES+=(\"bool\")\n    _PLIST_ENTRY_VALUES+=(\"$(jsonBoolToYesNo \"$_ANALYTICS_DEACTIVATED\")\")\n  fi\n\n  # config.analytics_idfv_collection_enabled\n  _ANALYTICS_IDFV_COLLECTION=$(getFirebaseJsonKeyValue \"$_JSON_OUTPUT_RAW\" \"analytics_idfv_collection_enabled\")\n  if [[ $_ANALYTICS_IDFV_COLLECTION ]]; then\n    _PLIST_ENTRY_KEYS+=(\"GOOGLE_ANALYTICS_IDFV_COLLECTION_ENABLED\")\n    _PLIST_ENTRY_TYPES+=(\"bool\")\n    _PLIST_ENTRY_VALUES+=(\"$(jsonBoolToYesNo \"$_ANALYTICS_IDFV_COLLECTION\")\")\n  fi\n\n  # config.analytics_default_allow_ad_personalization_signals\n  _ANALYTICS_PERSONALIZATION=$(getFirebaseJsonKeyValue \"$_JSON_OUTPUT_RAW\" \"analytics_default_allow_ad_personalization_signals\")\n  if [[ $_ANALYTICS_PERSONALIZATION ]]; then\n    _PLIST_ENTRY_KEYS+=(\"GOOGLE_ANALYTICS_DEFAULT_ALLOW_AD_PERSONALIZATION_SIGNALS\")\n    _PLIST_ENTRY_TYPES+=(\"bool\")\n    _PLIST_ENTRY_VALUES+=(\"$(jsonBoolToYesNo \"$_ANALYTICS_PERSONALIZATION\")\")\n  fi\n\n  # config.analytics_registration_with_ad_network_enabled\n  _ANALYTICS_REGISTRATION_WITH_AD_NETWORK=$(getFirebaseJsonKeyValue \"$_JSON_OUTPUT_RAW\" \"google_analytics_registration_with_ad_network_enabled\")\n  if [[ $_ANALYTICS_REGISTRATION_WITH_AD_NETWORK ]]; then\n    _PLIST_ENTRY_KEYS+=(\"GOOGLE_ANALYTICS_REGISTRATION_WITH_AD_NETWORK_ENABLED\")\n    _PLIST_ENTRY_TYPES+=(\"bool\")\n    _PLIST_ENTRY_VALUES+=(\"$(jsonBoolToYesNo \"$_ANALYTICS_REGISTRATION_WITH_AD_NETWORK\")\")\n  fi\n\n  # config.google_analytics_automatic_screen_reporting_enabled\n  _ANALYTICS_AUTO_SCREEN_REPORTING=$(getFirebaseJsonKeyValue \"$_JSON_OUTPUT_RAW\" \"google_analytics_automatic_screen_reporting_enabled\")\n  if [[ $_ANALYTICS_AUTO_SCREEN_REPORTING ]]; then\n    _PLIST_ENTRY_KEYS+=(\"FirebaseAutomaticScreenReportingEnabled\")\n    _PLIST_ENTRY_TYPES+=(\"bool\")\n    _PLIST_ENTRY_VALUES+=(\"$(jsonBoolToYesNo \"$_ANALYTICS_AUTO_SCREEN_REPORTING\")\")\n  fi\n\n  # config.perf_auto_collection_enabled\n  _PERF_AUTO_COLLECTION=$(getFirebaseJsonKeyValue \"$_JSON_OUTPUT_RAW\" \"perf_auto_collection_enabled\")\n  if [[ $_PERF_AUTO_COLLECTION ]]; then\n    _PLIST_ENTRY_KEYS+=(\"firebase_performance_collection_enabled\")\n    _PLIST_ENTRY_TYPES+=(\"bool\")\n    _PLIST_ENTRY_VALUES+=(\"$(jsonBoolToYesNo \"$_PERF_AUTO_COLLECTION\")\")\n  fi\n\n  # config.perf_collection_deactivated\n  _PERF_DEACTIVATED=$(getFirebaseJsonKeyValue \"$_JSON_OUTPUT_RAW\" \"perf_collection_deactivated\")\n  if [[ $_PERF_DEACTIVATED ]]; then\n    _PLIST_ENTRY_KEYS+=(\"firebase_performance_collection_deactivated\")\n    _PLIST_ENTRY_TYPES+=(\"bool\")\n    _PLIST_ENTRY_VALUES+=(\"$(jsonBoolToYesNo \"$_PERF_DEACTIVATED\")\")\n  fi\n\n  # config.messaging_auto_init_enabled\n  _MESSAGING_AUTO_INIT=$(getFirebaseJsonKeyValue \"$_JSON_OUTPUT_RAW\" \"messaging_auto_init_enabled\")\n  if [[ $_MESSAGING_AUTO_INIT ]]; then\n    _PLIST_ENTRY_KEYS+=(\"FirebaseMessagingAutoInitEnabled\")\n    _PLIST_ENTRY_TYPES+=(\"bool\")\n    _PLIST_ENTRY_VALUES+=(\"$(jsonBoolToYesNo \"$_MESSAGING_AUTO_INIT\")\")\n  fi\n\n  # config.in_app_messaging_auto_colllection_enabled\n  _FIAM_AUTO_INIT=$(getFirebaseJsonKeyValue \"$_JSON_OUTPUT_RAW\" \"in_app_messaging_auto_collection_enabled\")\n  if [[ $_FIAM_AUTO_INIT ]]; then\n    _PLIST_ENTRY_KEYS+=(\"FirebaseInAppMessagingAutomaticDataCollectionEnabled\")\n    _PLIST_ENTRY_TYPES+=(\"bool\")\n    _PLIST_ENTRY_VALUES+=(\"$(jsonBoolToYesNo \"$_FIAM_AUTO_INIT\")\")\n  fi\n\n  # config.app_check_token_auto_refresh\n  _APP_CHECK_TOKEN_AUTO_REFRESH=$(getFirebaseJsonKeyValue \"$_JSON_OUTPUT_RAW\" \"app_check_token_auto_refresh\")\n  if [[ $_APP_CHECK_TOKEN_AUTO_REFRESH ]]; then\n    _PLIST_ENTRY_KEYS+=(\"FirebaseAppCheckTokenAutoRefreshEnabled\")\n    _PLIST_ENTRY_TYPES+=(\"bool\")\n    _PLIST_ENTRY_VALUES+=(\"$(jsonBoolToYesNo \"$_APP_CHECK_TOKEN_AUTO_REFRESH\")\")\n  fi\n\n  # config.crashlytics_disable_auto_disabler - undocumented for now - mainly for debugging, document if becomes useful\n  _CRASHLYTICS_AUTO_DISABLE_ENABLED=$(getFirebaseJsonKeyValue \"$_JSON_OUTPUT_RAW\" \"crashlytics_disable_auto_disabler\")\n  if [[ $_CRASHLYTICS_AUTO_DISABLE_ENABLED == \"true\" ]]; then\n    echo \"Disabled Crashlytics auto disabler.\" # do nothing\n  else\n    _PLIST_ENTRY_KEYS+=(\"FirebaseCrashlyticsCollectionEnabled\")\n    _PLIST_ENTRY_TYPES+=(\"bool\")\n    _PLIST_ENTRY_VALUES+=(\"NO\")\n  fi\nelse\n  _PLIST_ENTRY_KEYS+=(\"firebase_json_raw\")\n  _PLIST_ENTRY_TYPES+=(\"string\")\n  _PLIST_ENTRY_VALUES+=(\"$_JSON_OUTPUT_BASE64\")\n  echo \"warning:   A firebase.json file was not found, whilst this file is optional it is recommended to include it to configure firebase services in React Native Firebase.\"\nfi;\n\necho \"info: 2) Injecting Info.plist entries: \"\n\n# Log out the keys we're adding\nfor i in \"${!_PLIST_ENTRY_KEYS[@]}\"; do\n  echo \"    ->  $i) ${_PLIST_ENTRY_KEYS[$i]}\" \"${_PLIST_ENTRY_TYPES[$i]}\" \"${_PLIST_ENTRY_VALUES[$i]}\"\ndone\n\nfor plist in \"${_TARGET_PLIST}\" \"${_DSYM_PLIST}\" ; do\n  if [[ -f \"${plist}\" ]]; then\n\n    # paths with spaces break the call to setPlistValue. temporarily modify\n    # the shell internal field separator variable (IFS), which normally\n    # includes spaces, to consist only of line breaks\n    oldifs=$IFS\n    IFS=\"\n\"\n\n    for i in \"${!_PLIST_ENTRY_KEYS[@]}\"; do\n      setPlistValue \"${_PLIST_ENTRY_KEYS[$i]}\" \"${_PLIST_ENTRY_TYPES[$i]}\" \"${_PLIST_ENTRY_VALUES[$i]}\" \"${plist}\"\n    done\n\n    # restore the original internal field separator value\n    IFS=$oldifs\n  else\n    echo \"warning:   A Info.plist build output file was not found (${plist})\"\n  fi\ndone\n\necho \"info: <- RNFB build script finished\"\n";
		};
		FD10A7F022414F080027D42C /* Start Packager */ = {
			isa = PBXShellScriptBuildPhase;
			buildActionMask = 2147483647;
			files = (
			);
			inputFileListPaths = (
			);
			inputPaths = (
			);
			name = "Start Packager";
			outputFileListPaths = (
			);
			outputPaths = (
			);
			runOnlyForDeploymentPostprocessing = 0;
			shellPath = /bin/sh;
			shellScript = "export RCT_METRO_PORT=\"${RCT_METRO_PORT:=8081}\"\necho \"export RCT_METRO_PORT=${RCT_METRO_PORT}\" > \"${SRCROOT}/../node_modules/react-native/scripts/.packager.env\"\nif [ -z \"${RCT_NO_LAUNCH_PACKAGER+xxx}\" ] ; then\n  if nc -w 5 -z localhost ${RCT_METRO_PORT} ; then\n    if ! curl -s \"http://localhost:${RCT_METRO_PORT}/status\" | grep -q \"packager-status:running\" ; then\n      echo \"Port ${RCT_METRO_PORT} already in use, packager is either not running or not running correctly\"\n      exit 2\n    fi\n  else\n    open \"$SRCROOT/../node_modules/react-native/scripts/launchPackager.command\" || echo \"Can't start packager automatically\"\n  fi\nfi\n";
			showEnvVarsInLog = 0;
		};
/* End PBXShellScriptBuildPhase section */

/* Begin PBXSourcesBuildPhase section */
		00E356EA1AD99517003FC87E /* Sources */ = {
			isa = PBXSourcesBuildPhase;
			buildActionMask = 2147483647;
			files = (
				00E356F31AD99517003FC87E /* checkdinappTests.m in Sources */,
			);
			runOnlyForDeploymentPostprocessing = 0;
		};
		13B07F871A680F5B00A75B9A /* Sources */ = {
			isa = PBXSourcesBuildPhase;
			buildActionMask = 2147483647;
			files = (
				13B07FBC1A68108700A75B9A /* AppDelegate.mm in Sources */,
				0468591F2AC0E389005A496A /* File.swift in Sources */,
				13B07FC11A68108700A75B9A /* main.m in Sources */,
			);
			runOnlyForDeploymentPostprocessing = 0;
		};
/* End PBXSourcesBuildPhase section */

/* Begin PBXTargetDependency section */
		00E356F51AD99517003FC87E /* PBXTargetDependency */ = {
			isa = PBXTargetDependency;
			target = 13B07F861A680F5B00A75B9A /* checkdinapp */;
			targetProxy = 00E356F41AD99517003FC87E /* PBXContainerItemProxy */;
		};
/* End PBXTargetDependency section */

/* Begin XCBuildConfiguration section */
		00E356F61AD99517003FC87E /* Debug */ = {
			isa = XCBuildConfiguration;
			baseConfigurationReference = 3BF342B7133F2026912C6CE0 /* Pods-checkdinapp-checkdinappTests.debug.xcconfig */;
			buildSettings = {
				BUNDLE_LOADER = "$(TEST_HOST)";
				DEVELOPMENT_TEAM = AGYJ3QCDKN;
				GCC_PREPROCESSOR_DEFINITIONS = (
					"DEBUG=1",
					"$(inherited)",
				);
				INFOPLIST_FILE = checkdinappTests/Info.plist;
				IPHONEOS_DEPLOYMENT_TARGET = 12.4;
				LD_RUNPATH_SEARCH_PATHS = (
					"$(inherited)",
					"@executable_path/Frameworks",
					"@loader_path/Frameworks",
				);
				OTHER_LDFLAGS = (
					"-ObjC",
					"-lc++",
					"$(inherited)",
				);
				PRODUCT_BUNDLE_IDENTIFIER = "org.reactjs.native.example.$(PRODUCT_NAME:rfc1034identifier)";
				PRODUCT_NAME = "$(TARGET_NAME)";
				TEST_HOST = "$(BUILT_PRODUCTS_DIR)/checkdinapp.app/checkdinapp";
			};
			name = Debug;
		};
		00E356F71AD99517003FC87E /* Release */ = {
			isa = XCBuildConfiguration;
			baseConfigurationReference = F7BB5FC99259784B8E3801C2 /* Pods-checkdinapp-checkdinappTests.release.xcconfig */;
			buildSettings = {
				BUNDLE_LOADER = "$(TEST_HOST)";
				COPY_PHASE_STRIP = NO;
				DEVELOPMENT_TEAM = AGYJ3QCDKN;
				INFOPLIST_FILE = checkdinappTests/Info.plist;
				IPHONEOS_DEPLOYMENT_TARGET = 12.4;
				LD_RUNPATH_SEARCH_PATHS = (
					"$(inherited)",
					"@executable_path/Frameworks",
					"@loader_path/Frameworks",
				);
				OTHER_LDFLAGS = (
					"-ObjC",
					"-lc++",
					"$(inherited)",
				);
				PRODUCT_BUNDLE_IDENTIFIER = "org.reactjs.native.example.$(PRODUCT_NAME:rfc1034identifier)";
				PRODUCT_NAME = "$(TARGET_NAME)";
				TEST_HOST = "$(BUILT_PRODUCTS_DIR)/checkdinapp.app/checkdinapp";
			};
			name = Release;
		};
		13B07F941A680F5B00A75B9A /* Debug */ = {
			isa = XCBuildConfiguration;
			baseConfigurationReference = ECDEFCC85A6ADDBF26F951B8 /* Pods-checkdinapp.debug.xcconfig */;
			buildSettings = {
				ASSETCATALOG_COMPILER_APPICON_NAME = AppIcon;
				CLANG_ENABLE_MODULES = YES;
				CODE_SIGN_ENTITLEMENTS = checkdinapp/checkdinapp.entitlements;
				CODE_SIGN_IDENTITY = "Apple Development";
				CODE_SIGN_STYLE = Automatic;
				CURRENT_PROJECT_VERSION = 1;
				DEVELOPMENT_TEAM = AGYJ3QCDKN;
				ENABLE_BITCODE = NO;
				ENABLE_USER_SCRIPT_SANDBOXING = NO;
				"EXCLUDED_ARCHS[sdk=iphonesimulator*]" = "i386 arm64";
				INFOPLIST_FILE = checkdinapp/Info.plist;
				LD_RUNPATH_SEARCH_PATHS = (
					"$(inherited)",
					"@executable_path/Frameworks",
				);
				MARKETING_VERSION = 39;
				OTHER_LDFLAGS = (
					"$(inherited)",
					"-ObjC",
					"-lc++",
				);
				PRODUCT_BUNDLE_IDENTIFIER = "org.reactjs.native.example.$(PRODUCT_NAME:rfc1034identifier)";
				PRODUCT_NAME = checkdinapp;
				PROVISIONING_PROFILE_SPECIFIER = "";
				SWIFT_OBJC_BRIDGING_HEADER = "checkdinapp-Bridging-Header.h";
				SWIFT_OPTIMIZATION_LEVEL = "-Onone";
				SWIFT_VERSION = 5.0;
				VERSIONING_SYSTEM = "apple-generic";
			};
			name = Debug;
		};
		13B07F951A680F5B00A75B9A /* Release */ = {
			isa = XCBuildConfiguration;
			baseConfigurationReference = 26FF336DCBC82883535E357E /* Pods-checkdinapp.release.xcconfig */;
			buildSettings = {
				ASSETCATALOG_COMPILER_APPICON_NAME = AppIcon;
				CLANG_ENABLE_MODULES = YES;
				CODE_SIGN_ENTITLEMENTS = checkdinapp/checkdinapp.entitlements;
				CODE_SIGN_IDENTITY = "Apple Development";
				CODE_SIGN_STYLE = Automatic;
				CURRENT_PROJECT_VERSION = 1;
				DEVELOPMENT_TEAM = AGYJ3QCDKN;
				ENABLE_USER_SCRIPT_SANDBOXING = NO;
				"EXCLUDED_ARCHS[sdk=iphonesimulator*]" = "i386 arm64";
				INFOPLIST_FILE = checkdinapp/Info.plist;
				LD_RUNPATH_SEARCH_PATHS = (
					"$(inherited)",
					"@executable_path/Frameworks",
				);
				MARKETING_VERSION = 39;
				OTHER_LDFLAGS = (
					"$(inherited)",
					"-ObjC",
					"-lc++",
				);
				PRODUCT_BUNDLE_IDENTIFIER = "org.reactjs.native.example.$(PRODUCT_NAME:rfc1034identifier)";
				PRODUCT_NAME = checkdinapp;
				PROVISIONING_PROFILE_SPECIFIER = "";
				SWIFT_OBJC_BRIDGING_HEADER = "checkdinapp-Bridging-Header.h";
				SWIFT_VERSION = 5.0;
				VERSIONING_SYSTEM = "apple-generic";
			};
			name = Release;
		};
		83CBBA201A601CBA00E9B192 /* Debug */ = {
			isa = XCBuildConfiguration;
			buildSettings = {
				ALWAYS_SEARCH_USER_PATHS = NO;
				CLANG_ANALYZER_LOCALIZABILITY_NONLOCALIZED = YES;
				CLANG_CXX_LANGUAGE_STANDARD = "c++17";
				CLANG_CXX_LIBRARY = "libc++";
				CLANG_ENABLE_MODULES = YES;
				CLANG_ENABLE_OBJC_ARC = YES;
				CLANG_WARN_BLOCK_CAPTURE_AUTORELEASING = YES;
				CLANG_WARN_BOOL_CONVERSION = YES;
				CLANG_WARN_COMMA = YES;
				CLANG_WARN_CONSTANT_CONVERSION = YES;
				CLANG_WARN_DEPRECATED_OBJC_IMPLEMENTATIONS = YES;
				CLANG_WARN_DIRECT_OBJC_ISA_USAGE = YES_ERROR;
				CLANG_WARN_EMPTY_BODY = YES;
				CLANG_WARN_ENUM_CONVERSION = YES;
				CLANG_WARN_INFINITE_RECURSION = YES;
				CLANG_WARN_INT_CONVERSION = YES;
				CLANG_WARN_NON_LITERAL_NULL_CONVERSION = YES;
				CLANG_WARN_OBJC_IMPLICIT_RETAIN_SELF = YES;
				CLANG_WARN_OBJC_LITERAL_CONVERSION = YES;
				CLANG_WARN_OBJC_ROOT_CLASS = YES_ERROR;
				CLANG_WARN_QUOTED_INCLUDE_IN_FRAMEWORK_HEADER = YES;
				CLANG_WARN_RANGE_LOOP_ANALYSIS = YES;
				CLANG_WARN_STRICT_PROTOTYPES = YES;
				CLANG_WARN_SUSPICIOUS_MOVE = YES;
				CLANG_WARN_UNREACHABLE_CODE = YES;
				CLANG_WARN__DUPLICATE_METHOD_MATCH = YES;
				"CODE_SIGN_IDENTITY[sdk=iphoneos*]" = "iPhone Developer";
				COPY_PHASE_STRIP = NO;
				DEVELOPMENT_TEAM = Q5829Z8JV6;
				ENABLE_STRICT_OBJC_MSGSEND = YES;
				ENABLE_TESTABILITY = YES;
				ENABLE_USER_SCRIPT_SANDBOXING = YES;
				"EXCLUDED_ARCHS[sdk=iphonesimulator*]" = i386;
				GCC_C_LANGUAGE_STANDARD = gnu99;
				GCC_DYNAMIC_NO_PIC = NO;
				GCC_NO_COMMON_BLOCKS = YES;
				GCC_OPTIMIZATION_LEVEL = 0;
				GCC_PREPROCESSOR_DEFINITIONS = (
					"DEBUG=1",
					"$(inherited)",
					_LIBCPP_ENABLE_CXX17_REMOVED_UNARY_BINARY_FUNCTION,
				);
				GCC_SYMBOLS_PRIVATE_EXTERN = NO;
				GCC_WARN_64_TO_32_BIT_CONVERSION = YES;
				GCC_WARN_ABOUT_RETURN_TYPE = YES_ERROR;
				GCC_WARN_UNDECLARED_SELECTOR = YES;
				GCC_WARN_UNINITIALIZED_AUTOS = YES_AGGRESSIVE;
				GCC_WARN_UNUSED_FUNCTION = YES;
				GCC_WARN_UNUSED_VARIABLE = YES;
				IPHONEOS_DEPLOYMENT_TARGET = 12.4;
				LD_RUNPATH_SEARCH_PATHS = (
					/usr/lib/swift,
					"$(inherited)",
				);
				LIBRARY_SEARCH_PATHS = (
					"\"$(SDKROOT)/usr/lib/swift\"",
					"\"$(TOOLCHAIN_DIR)/usr/lib/swift/$(PLATFORM_NAME)\"",
					"\"$(inherited)\"",
				);
				MTL_ENABLE_DEBUG_INFO = YES;
				ONLY_ACTIVE_ARCH = YES;
				OTHER_CFLAGS = "$(inherited)";
				OTHER_CPLUSPLUSFLAGS = (
					"$(OTHER_CFLAGS)",
					"-DFOLLY_NO_CONFIG",
					"-DFOLLY_MOBILE=1",
					"-DFOLLY_USE_LIBCPP=1",
				);
				OTHER_LDFLAGS = "$(inherited)  ";
				REACT_NATIVE_PATH = "${PODS_ROOT}/../../node_modules/react-native";
				SDKROOT = iphoneos;
			};
			name = Debug;
		};
		83CBBA211A601CBA00E9B192 /* Release */ = {
			isa = XCBuildConfiguration;
			buildSettings = {
				ALWAYS_SEARCH_USER_PATHS = NO;
				CLANG_ANALYZER_LOCALIZABILITY_NONLOCALIZED = YES;
				CLANG_CXX_LANGUAGE_STANDARD = "c++17";
				CLANG_CXX_LIBRARY = "libc++";
				CLANG_ENABLE_MODULES = YES;
				CLANG_ENABLE_OBJC_ARC = YES;
				CLANG_WARN_BLOCK_CAPTURE_AUTORELEASING = YES;
				CLANG_WARN_BOOL_CONVERSION = YES;
				CLANG_WARN_COMMA = YES;
				CLANG_WARN_CONSTANT_CONVERSION = YES;
				CLANG_WARN_DEPRECATED_OBJC_IMPLEMENTATIONS = YES;
				CLANG_WARN_DIRECT_OBJC_ISA_USAGE = YES_ERROR;
				CLANG_WARN_EMPTY_BODY = YES;
				CLANG_WARN_ENUM_CONVERSION = YES;
				CLANG_WARN_INFINITE_RECURSION = YES;
				CLANG_WARN_INT_CONVERSION = YES;
				CLANG_WARN_NON_LITERAL_NULL_CONVERSION = YES;
				CLANG_WARN_OBJC_IMPLICIT_RETAIN_SELF = YES;
				CLANG_WARN_OBJC_LITERAL_CONVERSION = YES;
				CLANG_WARN_OBJC_ROOT_CLASS = YES_ERROR;
				CLANG_WARN_QUOTED_INCLUDE_IN_FRAMEWORK_HEADER = YES;
				CLANG_WARN_RANGE_LOOP_ANALYSIS = YES;
				CLANG_WARN_STRICT_PROTOTYPES = YES;
				CLANG_WARN_SUSPICIOUS_MOVE = YES;
				CLANG_WARN_UNREACHABLE_CODE = YES;
				CLANG_WARN__DUPLICATE_METHOD_MATCH = YES;
				"CODE_SIGN_IDENTITY[sdk=iphoneos*]" = "iPhone Developer";
				COPY_PHASE_STRIP = YES;
				DEVELOPMENT_TEAM = Q5829Z8JV6;
				ENABLE_NS_ASSERTIONS = NO;
				ENABLE_STRICT_OBJC_MSGSEND = YES;
				ENABLE_USER_SCRIPT_SANDBOXING = YES;
				"EXCLUDED_ARCHS[sdk=iphonesimulator*]" = i386;
				GCC_C_LANGUAGE_STANDARD = gnu99;
				GCC_NO_COMMON_BLOCKS = YES;
				GCC_PREPROCESSOR_DEFINITIONS = (
					"$(inherited)",
					_LIBCPP_ENABLE_CXX17_REMOVED_UNARY_BINARY_FUNCTION,
				);
				GCC_WARN_64_TO_32_BIT_CONVERSION = YES;
				GCC_WARN_ABOUT_RETURN_TYPE = YES_ERROR;
				GCC_WARN_UNDECLARED_SELECTOR = YES;
				GCC_WARN_UNINITIALIZED_AUTOS = YES_AGGRESSIVE;
				GCC_WARN_UNUSED_FUNCTION = YES;
				GCC_WARN_UNUSED_VARIABLE = YES;
				IPHONEOS_DEPLOYMENT_TARGET = 12.4;
				LD_RUNPATH_SEARCH_PATHS = (
					/usr/lib/swift,
					"$(inherited)",
				);
				LIBRARY_SEARCH_PATHS = (
					"\"$(SDKROOT)/usr/lib/swift\"",
					"\"$(TOOLCHAIN_DIR)/usr/lib/swift/$(PLATFORM_NAME)\"",
					"\"$(inherited)\"",
				);
				MTL_ENABLE_DEBUG_INFO = NO;
				OTHER_CFLAGS = "$(inherited)";
				OTHER_CPLUSPLUSFLAGS = (
					"$(OTHER_CFLAGS)",
					"-DFOLLY_NO_CONFIG",
					"-DFOLLY_MOBILE=1",
					"-DFOLLY_USE_LIBCPP=1",
				);
				OTHER_LDFLAGS = "$(inherited)  ";
				REACT_NATIVE_PATH = "${PODS_ROOT}/../../node_modules/react-native";
				SDKROOT = iphoneos;
				SWIFT_COMPILATION_MODE = wholemodule;
				VALIDATE_PRODUCT = YES;
			};
			name = Release;
		};
/* End XCBuildConfiguration section */

/* Begin XCConfigurationList section */
		00E357021AD99517003FC87E /* Build configuration list for PBXNativeTarget "checkdinappTests" */ = {
			isa = XCConfigurationList;
			buildConfigurations = (
				00E356F61AD99517003FC87E /* Debug */,
				00E356F71AD99517003FC87E /* Release */,
			);
			defaultConfigurationIsVisible = 0;
			defaultConfigurationName = Release;
		};
		13B07F931A680F5B00A75B9A /* Build configuration list for PBXNativeTarget "checkdinapp" */ = {
			isa = XCConfigurationList;
			buildConfigurations = (
				13B07F941A680F5B00A75B9A /* Debug */,
				13B07F951A680F5B00A75B9A /* Release */,
			);
			defaultConfigurationIsVisible = 0;
			defaultConfigurationName = Release;
		};
		83CBB9FA1A601CBA00E9B192 /* Build configuration list for PBXProject "checkdinapp" */ = {
			isa = XCConfigurationList;
			buildConfigurations = (
				83CBBA201A601CBA00E9B192 /* Debug */,
				83CBBA211A601CBA00E9B192 /* Release */,
			);
			defaultConfigurationIsVisible = 0;
			defaultConfigurationName = Release;
		};
/* End XCConfigurationList section */
	};
	rootObject = 83CBB9F71A601CBA00E9B192 /* Project object */;
}
